// !$*UTF8*$!
{
	archiveVersion = 1;
	classes = {
	};
	objectVersion = 50;
	objects = {

/* Begin PBXBuildFile section */
		7D0D51CE270A0AC4004FF2FE /* BullsEye.html in Resources */ = {isa = PBXBuildFile; fileRef = 7D0D51CD270A0AC4004FF2FE /* BullsEye.html */; };
		7D68BBF226F4D7DB00C3672A /* AppDelegate.swift in Sources */ = {isa = PBXBuildFile; fileRef = 7D68BBF126F4D7DB00C3672A /* AppDelegate.swift */; };
		7D68BBF426F4D7DB00C3672A /* SceneDelegate.swift in Sources */ = {isa = PBXBuildFile; fileRef = 7D68BBF326F4D7DB00C3672A /* SceneDelegate.swift */; };
		7D68BBF626F4D7DB00C3672A /* ViewController.swift in Sources */ = {isa = PBXBuildFile; fileRef = 7D68BBF526F4D7DB00C3672A /* ViewController.swift */; };
		7D68BBF926F4D7DB00C3672A /* Main.storyboard in Resources */ = {isa = PBXBuildFile; fileRef = 7D68BBF726F4D7DB00C3672A /* Main.storyboard */; };
		7D68BBFB26F4D7DD00C3672A /* Assets.xcassets in Resources */ = {isa = PBXBuildFile; fileRef = 7D68BBFA26F4D7DD00C3672A /* Assets.xcassets */; };
		7D68BBFE26F4D7DD00C3672A /* LaunchScreen.storyboard in Resources */ = {isa = PBXBuildFile; fileRef = 7D68BBFC26F4D7DD00C3672A /* LaunchScreen.storyboard */; };
		7DE1D4502704A3A7004834B5 /* AboutViewController.swift in Sources */ = {isa = PBXBuildFile; fileRef = 7DE1D44F2704A3A7004834B5 /* AboutViewController.swift */; };
/* End PBXBuildFile section */

/* Begin PBXFileReference section */
		7D0D51CD270A0AC4004FF2FE /* BullsEye.html */ = {isa = PBXFileReference; fileEncoding = 4; lastKnownFileType = text.html; name = BullsEye.html; path = ../../Resources/BullsEye.html; sourceTree = "<group>"; };
		7D68BBEE26F4D7DB00C3672A /* Guess_the_number.app */ = {isa = PBXFileReference; explicitFileType = wrapper.application; includeInIndex = 0; path = Guess_the_number.app; sourceTree = BUILT_PRODUCTS_DIR; };
		7D68BBF126F4D7DB00C3672A /* AppDelegate.swift */ = {isa = PBXFileReference; lastKnownFileType = sourcecode.swift; path = AppDelegate.swift; sourceTree = "<group>"; };
		7D68BBF326F4D7DB00C3672A /* SceneDelegate.swift */ = {isa = PBXFileReference; lastKnownFileType = sourcecode.swift; path = SceneDelegate.swift; sourceTree = "<group>"; };
		7D68BBF526F4D7DB00C3672A /* ViewController.swift */ = {isa = PBXFileReference; lastKnownFileType = sourcecode.swift; path = ViewController.swift; sourceTree = "<group>"; };
		7D68BBF826F4D7DB00C3672A /* Base */ = {isa = PBXFileReference; lastKnownFileType = file.storyboard; name = Base; path = Base.lproj/Main.storyboard; sourceTree = "<group>"; };
		7D68BBFA26F4D7DD00C3672A /* Assets.xcassets */ = {isa = PBXFileReference; lastKnownFileType = folder.assetcatalog; path = Assets.xcassets; sourceTree = "<group>"; };
		7D68BBFD26F4D7DD00C3672A /* Base */ = {isa = PBXFileReference; lastKnownFileType = file.storyboard; name = Base; path = Base.lproj/LaunchScreen.storyboard; sourceTree = "<group>"; };
		7D68BBFF26F4D7DD00C3672A /* Info.plist */ = {isa = PBXFileReference; lastKnownFileType = text.plist.xml; path = Info.plist; sourceTree = "<group>"; };
		7DE1D44F2704A3A7004834B5 /* AboutViewController.swift */ = {isa = PBXFileReference; lastKnownFileType = sourcecode.swift; path = AboutViewController.swift; sourceTree = "<group>"; };
/* End PBXFileReference section */

/* Begin PBXFrameworksBuildPhase section */
		7D68BBEB26F4D7DB00C3672A /* Frameworks */ = {
			isa = PBXFrameworksBuildPhase;
			buildActionMask = 2147483647;
			files = (
			);
			runOnlyForDeploymentPostprocessing = 0;
		};
/* End PBXFrameworksBuildPhase section */

/* Begin PBXGroup section */
		7D68BBE526F4D7DB00C3672A = {
			isa = PBXGroup;
			children = (
				7D68BBF026F4D7DB00C3672A /* Guess_the_number */,
				7D68BBEF26F4D7DB00C3672A /* Products */,
			);
			sourceTree = "<group>";
		};
		7D68BBEF26F4D7DB00C3672A /* Products */ = {
			isa = PBXGroup;
			children = (
				7D68BBEE26F4D7DB00C3672A /* Guess_the_number.app */,
			);
			name = Products;
			sourceTree = "<group>";
		};
		7D68BBF026F4D7DB00C3672A /* Guess_the_number */ = {
			isa = PBXGroup;
			children = (
				7D0D51CD270A0AC4004FF2FE /* BullsEye.html */,
				7D68BBF126F4D7DB00C3672A /* AppDelegate.swift */,
				7D68BBF326F4D7DB00C3672A /* SceneDelegate.swift */,
				7D68BBF526F4D7DB00C3672A /* ViewController.swift */,
				7D68BBF726F4D7DB00C3672A /* Main.storyboard */,
				7DE1D44F2704A3A7004834B5 /* AboutViewController.swift */,
				7D68BBFA26F4D7DD00C3672A /* Assets.xcassets */,
				7D68BBFC26F4D7DD00C3672A /* LaunchScreen.storyboard */,
				7D68BBFF26F4D7DD00C3672A /* Info.plist */,
			);
			path = Guess_the_number;
			sourceTree = "<group>";
		};
/* End PBXGroup section */

/* Begin PBXNativeTarget section */
		7D68BBED26F4D7DB00C3672A /* Guess_the_number */ = {
			isa = PBXNativeTarget;
			buildConfigurationList = 7D68BC0226F4D7DD00C3672A /* Build configuration list for PBXNativeTarget "Guess_the_number" */;
			buildPhases = (
				7D68BBEA26F4D7DB00C3672A /* Sources */,
				7D68BBEB26F4D7DB00C3672A /* Frameworks */,
				7D68BBEC26F4D7DB00C3672A /* Resources */,
			);
			buildRules = (
			);
			dependencies = (
			);
			name = Guess_the_number;
			productName = Guess_the_number;
			productReference = 7D68BBEE26F4D7DB00C3672A /* Guess_the_number.app */;
			productType = "com.apple.product-type.application";
		};
/* End PBXNativeTarget section */

/* Begin PBXProject section */
		7D68BBE626F4D7DB00C3672A /* Project object */ = {
			isa = PBXProject;
			attributes = {
				LastSwiftUpdateCheck = 1250;
				LastUpgradeCheck = 1250;
				TargetAttributes = {
					7D68BBED26F4D7DB00C3672A = {
						CreatedOnToolsVersion = 12.5;
					};
				};
			};
			buildConfigurationList = 7D68BBE926F4D7DB00C3672A /* Build configuration list for PBXProject "Guess_the_number" */;
			compatibilityVersion = "Xcode 9.3";
			developmentRegion = en;
			hasScannedForEncodings = 0;
			knownRegions = (
				en,
				Base,
			);
			mainGroup = 7D68BBE526F4D7DB00C3672A;
			productRefGroup = 7D68BBEF26F4D7DB00C3672A /* Products */;
			projectDirPath = "";
			projectRoot = "";
			targets = (
				7D68BBED26F4D7DB00C3672A /* Guess_the_number */,
			);
		};
/* End PBXProject section */

/* Begin PBXResourcesBuildPhase section */
		7D68BBEC26F4D7DB00C3672A /* Resources */ = {
			isa = PBXResourcesBuildPhase;
			buildActionMask = 2147483647;
			files = (
				7D68BBFE26F4D7DD00C3672A /* LaunchScreen.storyboard in Resources */,
				7D0D51CE270A0AC4004FF2FE /* BullsEye.html in Resources */,
				7D68BBFB26F4D7DD00C3672A /* Assets.xcassets in Resources */,
				7D68BBF926F4D7DB00C3672A /* Main.storyboard in Resources */,
			);
			runOnlyForDeploymentPostprocessing = 0;
		};
/* End PBXResourcesBuildPhase section */

/* Begin PBXSourcesBuildPhase section */
		7D68BBEA26F4D7DB00C3672A /* Sources */ = {
			isa = PBXSourcesBuildPhase;
			buildActionMask = 2147483647;
			files = (
				7D68BBF626F4D7DB00C3672A /* ViewController.swift in Sources */,
				7D68BBF226F4D7DB00C3672A /* AppDelegate.swift in Sources */,
				7DE1D4502704A3A7004834B5 /* AboutViewController.swift in Sources */,
				7D68BBF426F4D7DB00C3672A /* SceneDelegate.swift in Sources */,
			);
			runOnlyForDeploymentPostprocessing = 0;
		};
/* End PBXSourcesBuildPhase section */

/* Begin PBXVariantGroup section */
		7D68BBF726F4D7DB00C3672A /* Main.storyboard */ = {
			isa = PBXVariantGroup;
			children = (
				7D68BBF826F4D7DB00C3672A /* Base */,
			);
			name = Main.storyboard;
			sourceTree = "<group>";
			usesTabs = 1;
		};
		7D68BBFC26F4D7DD00C3672A /* LaunchScreen.storyboard */ = {
			isa = PBXVariantGroup;
			children = (
				7D68BBFD26F4D7DD00C3672A /* Base */,
			);
			name = LaunchScreen.storyboard;
			sourceTree = "<group>";
		};
/* End PBXVariantGroup section */

/* Begin XCBuildConfiguration section */
		7D68BC0026F4D7DD00C3672A /* Debug */ = {
			isa = XCBuildConfiguration;
			buildSettings = {
				ALWAYS_SEARCH_USER_PATHS = NO;
				CLANG_ANALYZER_NONNULL = YES;
				CLANG_ANALYZER_NUMBER_OBJECT_CONVERSION = YES_AGGRESSIVE;
				CLANG_CXX_LANGUAGE_STANDARD = "gnu++14";
				CLANG_CXX_LIBRARY = "libc++";
				CLANG_ENABLE_MODULES = YES;
				CLANG_ENABLE_OBJC_ARC = YES;
				CLANG_ENABLE_OBJC_WEAK = YES;
				CLANG_WARN_BLOCK_CAPTURE_AUTORELEASING = YES;
				CLANG_WARN_BOOL_CONVERSION = YES;
				CLANG_WARN_COMMA = YES;
				CLANG_WARN_CONSTANT_CONVERSION = YES;
				CLANG_WARN_DEPRECATED_OBJC_IMPLEMENTATIONS = YES;
				CLANG_WARN_DIRECT_OBJC_ISA_USAGE = YES_ERROR;
				CLANG_WARN_DOCUMENTATION_COMMENTS = YES;
				CLANG_WARN_EMPTY_BODY = YES;
				CLANG_WARN_ENUM_CONVERSION = YES;
				CLANG_WARN_INFINITE_RECURSION = YES;
				CLANG_WARN_INT_CONVERSION = YES;
				CLANG_WARN_NON_LITERAL_NULL_CONVERSION = YES;
				CLANG_WARN_OBJC_IMPLICIT_RETAIN_SELF = YES;
				CLANG_WARN_OBJC_LITERAL_CONVERSION = YES;
				CLANG_WARN_OBJC_ROOT_CLASS = YES_ERROR;
				CLANG_WARN_QUOTED_INCLUDE_IN_FRAMEWORK_HEADER = YES;
				CLANG_WARN_RANGE_LOOP_ANALYSIS = YES;
				CLANG_WARN_STRICT_PROTOTYPES = YES;
				CLANG_WARN_SUSPICIOUS_MOVE = YES;
				CLANG_WARN_UNGUARDED_AVAILABILITY = YES_AGGRESSIVE;
				CLANG_WARN_UNREACHABLE_CODE = YES;
				CLANG_WARN__DUPLICATE_METHOD_MATCH = YES;
				COPY_PHASE_STRIP = NO;
				DEBUG_INFORMATION_FORMAT = dwarf;
				ENABLE_STRICT_OBJC_MSGSEND = YES;
				ENABLE_TESTABILITY = YES;
				GCC_C_LANGUAGE_STANDARD = gnu11;
				GCC_DYNAMIC_NO_PIC = NO;
				GCC_NO_COMMON_BLOCKS = YES;
				GCC_OPTIMIZATION_LEVEL = 0;
				GCC_PREPROCESSOR_DEFINITIONS = (
					"DEBUG=1",
					"$(inherited)",
				);
				GCC_WARN_64_TO_32_BIT_CONVERSION = YES;
				GCC_WARN_ABOUT_RETURN_TYPE = YES_ERROR;
				GCC_WARN_UNDECLARED_SELECTOR = YES;
				GCC_WARN_UNINITIALIZED_AUTOS = YES_AGGRESSIVE;
				GCC_WARN_UNUSED_FUNCTION = YES;
				GCC_WARN_UNUSED_VARIABLE = YES;
				IPHONEOS_DEPLOYMENT_TARGET = 14.5;
				MTL_ENABLE_DEBUG_INFO = INCLUDE_SOURCE;
				MTL_FAST_MATH = YES;
				ONLY_ACTIVE_ARCH = YES;
				SDKROOT = iphoneos;
				SWIFT_ACTIVE_COMPILATION_CONDITIONS = DEBUG;
				SWIFT_OPTIMIZATION_LEVEL = "-Onone";
			};
			name = Debug;
		};
		7D68BC0126F4D7DD00C3672A /* Release */ = {
			isa = XCBuildConfiguration;
			buildSettings = {
				ALWAYS_SEARCH_USER_PATHS = NO;
				CLANG_ANALYZER_NONNULL = YES;
				CLANG_ANALYZER_NUMBER_OBJECT_CONVERSION = YES_AGGRESSIVE;
				CLANG_CXX_LANGUAGE_STANDARD = "gnu++14";
				CLANG_CXX_LIBRARY = "libc++";
				CLANG_ENABLE_MODULES = YES;
				CLANG_ENABLE_OBJC_ARC = YES;
				CLANG_ENABLE_OBJC_WEAK = YES;
				CLANG_WARN_BLOCK_CAPTURE_AUTORELEASING = YES;
				CLANG_WARN_BOOL_CONVERSION = YES;
				CLANG_WARN_COMMA = YES;
				CLANG_WARN_CONSTANT_CONVERSION = YES;
				CLANG_WARN_DEPRECATED_OBJC_IMPLEMENTATIONS = YES;
				CLANG_WARN_DIRECT_OBJC_ISA_USAGE = YES_ERROR;
				CLANG_WARN_DOCUMENTATION_COMMENTS = YES;
				CLANG_WARN_EMPTY_BODY = YES;
				CLANG_WARN_ENUM_CONVERSION = YES;
				CLANG_WARN_INFINITE_RECURSION = YES;
				CLANG_WARN_INT_CONVERSION = YES;
				CLANG_WARN_NON_LITERAL_NULL_CONVERSION = YES;
				CLANG_WARN_OBJC_IMPLICIT_RETAIN_SELF = YES;
				CLANG_WARN_OBJC_LITERAL_CONVERSION = YES;
				CLANG_WARN_OBJC_ROOT_CLASS = YES_ERROR;
				CLANG_WARN_QUOTED_INCLUDE_IN_FRAMEWORK_HEADER = YES;
				CLANG_WARN_RANGE_LOOP_ANALYSIS = YES;
				CLANG_WARN_STRICT_PROTOTYPES = YES;
				CLANG_WARN_SUSPICIOUS_MOVE = YES;
				CLANG_WARN_UNGUARDED_AVAILABILITY = YES_AGGRESSIVE;
				CLANG_WARN_UNREACHABLE_CODE = YES;
				CLANG_WARN__DUPLICATE_METHOD_MATCH = YES;
				COPY_PHASE_STRIP = NO;
				DEBUG_INFORMATION_FORMAT = "dwarf-with-dsym";
				ENABLE_NS_ASSERTIONS = NO;
				ENABLE_STRICT_OBJC_MSGSEND = YES;
				GCC_C_LANGUAGE_STANDARD = gnu11;
				GCC_NO_COMMON_BLOCKS = YES;
				GCC_WARN_64_TO_32_BIT_CONVERSION = YES;
				GCC_WARN_ABOUT_RETURN_TYPE = YES_ERROR;
				GCC_WARN_UNDECLARED_SELECTOR = YES;
				GCC_WARN_UNINITIALIZED_AUTOS = YES_AGGRESSIVE;
				GCC_WARN_UNUSED_FUNCTION = YES;
				GCC_WARN_UNUSED_VARIABLE = YES;
				IPHONEOS_DEPLOYMENT_TARGET = 14.5;
				MTL_ENABLE_DEBUG_INFO = NO;
				MTL_FAST_MATH = YES;
				SDKROOT = iphoneos;
				SWIFT_COMPILATION_MODE = wholemodule;
				SWIFT_OPTIMIZATION_LEVEL = "-O";
				VALIDATE_PRODUCT = YES;
			};
			name = Release;
		};
		7D68BC0326F4D7DD00C3672A /* Debug */ = {
			isa = XCBuildConfiguration;
			buildSettings = {
				ASSETCATALOG_COMPILER_APPICON_NAME = AppIcon;
				ASSETCATALOG_COMPILER_GLOBAL_ACCENT_COLOR_NAME = AccentColor;
				CODE_SIGN_STYLE = Automatic;
				INFOPLIST_FILE = Guess_the_number/Info.plist;
				LD_RUNPATH_SEARCH_PATHS = (
					"$(inherited)",
					"@executable_path/Frameworks",
				);
				PRODUCT_BUNDLE_IDENTIFIER = "bibosorganisation.Guess-the-number";
				PRODUCT_NAME = "$(TARGET_NAME)";
				SWIFT_VERSION = 5.0;
				TARGETED_DEVICE_FAMILY = "1,2";
			};
			name = Debug;
		};
		7D68BC0426F4D7DD00C3672A /* Release */ = {
			isa = XCBuildConfiguration;
			buildSettings = {
				ASSETCATALOG_COMPILER_APPICON_NAME = AppIcon;
				ASSETCATALOG_COMPILER_GLOBAL_ACCENT_COLOR_NAME = AccentColor;
				CODE_SIGN_STYLE = Automatic;
				INFOPLIST_FILE = Guess_the_number/Info.plist;
				LD_RUNPATH_SEARCH_PATHS = (
					"$(inherited)",
					"@executable_path/Frameworks",
				);
				PRODUCT_BUNDLE_IDENTIFIER = "bibosorganisation.Guess-the-number";
				PRODUCT_NAME = "$(TARGET_NAME)";
				SWIFT_VERSION = 5.0;
				TARGETED_DEVICE_FAMILY = "1,2";
			};
			name = Release;
		};
/* End XCBuildConfiguration section */

/* Begin XCConfigurationList section */
		7D68BBE926F4D7DB00C3672A /* Build configuration list for PBXProject "Guess_the_number" */ = {
			isa = XCConfigurationList;
			buildConfigurations = (
				7D68BC0026F4D7DD00C3672A /* Debug */,
				7D68BC0126F4D7DD00C3672A /* Release */,
			);
			defaultConfigurationIsVisible = 0;
			defaultConfigurationName = Release;
		};
		7D68BC0226F4D7DD00C3672A /* Build configuration list for PBXNativeTarget "Guess_the_number" */ = {
			isa = XCConfigurationList;
			buildConfigurations = (
				7D68BC0326F4D7DD00C3672A /* Debug */,
				7D68BC0426F4D7DD00C3672A /* Release */,
			);
			defaultConfigurationIsVisible = 0;
			defaultConfigurationName = Release;
		};
/* End XCConfigurationList section */
	};
	rootObject = 7D68BBE626F4D7DB00C3672A /* Project object */;
}
